
Microsoft Visual Studio Solution File, Format Version 12.00
# Visual Studio Version 17
VisualStudioVersion = 17.9.34616.47
MinimumVisualStudioVersion = 10.0.40219.1
Project("{FAE04EC0-301F-11D3-BF4B-00C04F79EFBC}") = "business", "business\business.csproj", "{10BC2F6E-BB72-482A-B8D8-78215CB65859}"
EndProject
Global
	GlobalSection(SolutionConfigurationPlatforms) = preSolution
		Debug|Any CPU = Debug|Any CPU
		Release|Any CPU = Release|Any CPU
	EndGlobalSection
	GlobalSection(ProjectConfigurationPlatforms) = postSolution
		{10BC2F6E-BB72-482A-B8D8-78215CB65859}.Debug|Any CPU.ActiveCfg = Debug|Any CPU
		{10BC2F6E-BB72-482A-B8D8-78215CB65859}.Debug|Any CPU.Build.0 = Debug|Any CPU
		{10BC2F6E-BB72-482A-B8D8-78215CB65859}.Release|Any CPU.ActiveCfg = Release|Any CPU
		{10BC2F6E-BB72-482A-B8D8-78215CB65859}.Release|Any CPU.Build.0 = Release|Any CPU
	EndGlobalSection
	GlobalSection(SolutionProperties) = preSolution
		HideSolutionNode = FALSE
	EndGlobalSection
	GlobalSection(ExtensibilityGlobals) = postSolution
		SolutionGuid = {ADB4E735-0162-4519-A997-B90051323044}
	EndGlobalSection
EndGlobal
